
Microsoft Visual Studio Solution File, Format Version 12.00
# Visual Studio 15
VisualStudioVersion = 15.0.28307.539
MinimumVisualStudioVersion = 10.0.40219.1
Project("{FAE04EC0-301F-11D3-BF4B-00C04F79EFBC}") = "testeGit", "testeGit\testeGit.csproj", "{D6E81DBD-598F-4DC3-BDFF-A0CA2115943E}"
EndProject
Global
	GlobalSection(SolutionConfigurationPlatforms) = preSolution
		Debug|Any CPU = Debug|Any CPU
		Release|Any CPU = Release|Any CPU
	EndGlobalSection
	GlobalSection(ProjectConfigurationPlatforms) = postSolution
		{D6E81DBD-598F-4DC3-BDFF-A0CA2115943E}.Debug|Any CPU.ActiveCfg = Debug|Any CPU
		{D6E81DBD-598F-4DC3-BDFF-A0CA2115943E}.Debug|Any CPU.Build.0 = Debug|Any CPU
		{D6E81DBD-598F-4DC3-BDFF-A0CA2115943E}.Release|Any CPU.ActiveCfg = Release|Any CPU
		{D6E81DBD-598F-4DC3-BDFF-A0CA2115943E}.Release|Any CPU.Build.0 = Release|Any CPU
	EndGlobalSection
	GlobalSection(SolutionProperties) = preSolution
		HideSolutionNode = FALSE
	EndGlobalSection
	GlobalSection(ExtensibilityGlobals) = postSolution
		SolutionGuid = {6185F5DE-F942-4573-BAAA-DC96A9516B67}
	EndGlobalSection
EndGlobal
